
Microsoft Visual Studio Solution File, Format Version 12.00
# Visual Studio Version 17
VisualStudioVersion = 17.11.35219.272
MinimumVisualStudioVersion = 10.0.40219.1
Project("{FAE04EC0-301F-11D3-BF4B-00C04F79EFBC}") = "Practico3", "Practico3\Practico3.csproj", "{B49272DB-1E1C-41E1-963A-9CE916245064}"
EndProject
Global
	GlobalSection(SolutionConfigurationPlatforms) = preSolution
		Debug|Any CPU = Debug|Any CPU
		Release|Any CPU = Release|Any CPU
	EndGlobalSection
	GlobalSection(ProjectConfigurationPlatforms) = postSolution
		{B49272DB-1E1C-41E1-963A-9CE916245064}.Debug|Any CPU.ActiveCfg = Debug|Any CPU
		{B49272DB-1E1C-41E1-963A-9CE916245064}.Debug|Any CPU.Build.0 = Debug|Any CPU
		{B49272DB-1E1C-41E1-963A-9CE916245064}.Release|Any CPU.ActiveCfg = Release|Any CPU
		{B49272DB-1E1C-41E1-963A-9CE916245064}.Release|Any CPU.Build.0 = Release|Any CPU
	EndGlobalSection
	GlobalSection(SolutionProperties) = preSolution
		HideSolutionNode = FALSE
	EndGlobalSection
	GlobalSection(ExtensibilityGlobals) = postSolution
		SolutionGuid = {A247729F-0B36-47F8-9292-CB035CDF174F}
	EndGlobalSection
EndGlobal
